<?xml version="1.0" encoding="utf-8"?>
<Project ToolsVersion="4.0" xmlns="http://schemas.microsoft.com/developer/msbuild/2003">
  <ItemGroup>
    <ClCompile Include="clib\luaaux.c" />
    <ClCompile Include="common\luabase.c" />
    <ClCompile Include="common\luainit.c" />
    <ClCompile Include="common\luamem.c" />
    <ClCompile Include="common\luaobject.c" />
    <ClCompile Include="common\luastate.c" />
    <ClCompile Include="common\luastring.c" />
    <ClCompile Include="common\luatable.c" />
    <ClCompile Include="compiler\luacode.c" />
    <ClCompile Include="compiler\lualexer.c" />
    <ClCompile Include="compiler\luaparser.c" />
    <ClCompile Include="compiler\luazio.c" />
    <ClCompile Include="test\p1_test.c" />
    <ClCompile Include="test\p2_test.c" />
    <ClCompile Include="test\p3_test.c" />
    <ClCompile Include="test\p4_test.c" />
    <ClCompile Include="test\p5_test.c" />
    <ClCompile Include="test\p6_test.c" />
    <ClCompile Include="test\p7_test.c" />
    <ClCompile Include="vm\luado.c" />
    <ClCompile Include="vm\luafunc.c" />
    <ClCompile Include="vm\luagc.c" />
    <ClCompile Include="vm\luaopcodes.c" />
    <ClCompile Include="vm\luavm.c" />
    <ClCompile Include="main.c" />
  </ItemGroup>
  <ItemGroup>
    <ClInclude Include="clib\luaaux.h" />
    <ClInclude Include="common\lua.h" />
    <ClInclude Include="common\luabase.h" />
    <ClInclude Include="common\luamem.h" />
    <ClInclude Include="common\luaobject.h" />
    <ClInclude Include="common\luastate.h" />
    <ClInclude Include="common\luastring.h" />
    <ClInclude Include="common\luatable.h" />
    <ClInclude Include="compiler\luacode.h" />
    <ClInclude Include="compiler\lualexer.h" />
    <ClInclude Include="compiler\luaparser.h" />
    <ClInclude Include="compiler\luazio.h" />
    <ClInclude Include="test\p1_test.h" />
    <ClInclude Include="test\p2_test.h" />
    <ClInclude Include="test\p3_test.h" />
    <ClInclude Include="test\p4_test.h" />
    <ClInclude Include="test\p5_test.h" />
    <ClInclude Include="test\p6_test.h" />
    <ClInclude Include="test\p7_test.h" />
    <ClInclude Include="vm\luado.h" />
    <ClInclude Include="vm\luafunc.h" />
    <ClInclude Include="vm\luagc.h" />
    <ClInclude Include="vm\luaopcodes.h" />
    <ClInclude Include="vm\luavm.h" />
  </ItemGroup>
  <ItemGroup>
    <None Include="makefile" />
  </ItemGroup>
</Project>